
Microsoft Visual Studio Solution File, Format Version 12.00
# Visual Studio Version 16
VisualStudioVersion = 16.0.29911.84
MinimumVisualStudioVersion = 10.0.40219.1
Project("{9A19103F-16F7-4668-BE54-9A1E7A4F7556}") = "MarsRover.Domain", "MarsRover.Domain\MarsRover.Domain.csproj", "{4D79E29C-68E5-46EB-B9B8-7251C556B504}"
EndProject
Project("{2150E333-8FDC-42A3-9474-1A3956D46DE8}") = "Solution Items", "Solution Items", "{2AEDA11F-CC45-4629-BD9D-7E5B09A665EE}"
	ProjectSection(SolutionItems) = preProject
		OCS_CodingTest_Backend - 2.docx = OCS_CodingTest_Backend - 2.docx
		readme.md = readme.md
	EndProjectSection
EndProject
Project("{9A19103F-16F7-4668-BE54-9A1E7A4F7556}") = "MarsRover.Domain.Tests", "MarsRover.Domain.Tests\MarsRover.Domain.Tests.csproj", "{6C4E086C-3E99-422B-B609-9F7074CDB732}"
EndProject
Project("{9A19103F-16F7-4668-BE54-9A1E7A4F7556}") = "MarsRover.Api", "MarsRover.Api\MarsRover.Api.csproj", "{9E443031-144F-4CE2-8730-AE6AE581B131}"
EndProject
Project("{9A19103F-16F7-4668-BE54-9A1E7A4F7556}") = "MarsRover.Contracts", "MarsRover.Contracts\MarsRover.Contracts.csproj", "{025A127F-5D44-4EF4-A826-B0CBF9392674}"
EndProject
Project("{9A19103F-16F7-4668-BE54-9A1E7A4F7556}") = "MarsRover.ApiClient", "MarsRover.ApiClient\MarsRover.ApiClient.csproj", "{A49F1980-269E-4287-A3FE-F59C6351186A}"
EndProject
Global
	GlobalSection(SolutionConfigurationPlatforms) = preSolution
		Debug|Any CPU = Debug|Any CPU
		Release|Any CPU = Release|Any CPU
	EndGlobalSection
	GlobalSection(ProjectConfigurationPlatforms) = postSolution
		{4D79E29C-68E5-46EB-B9B8-7251C556B504}.Debug|Any CPU.ActiveCfg = Debug|Any CPU
		{4D79E29C-68E5-46EB-B9B8-7251C556B504}.Debug|Any CPU.Build.0 = Debug|Any CPU
		{4D79E29C-68E5-46EB-B9B8-7251C556B504}.Release|Any CPU.ActiveCfg = Release|Any CPU
		{4D79E29C-68E5-46EB-B9B8-7251C556B504}.Release|Any CPU.Build.0 = Release|Any CPU
		{6C4E086C-3E99-422B-B609-9F7074CDB732}.Debug|Any CPU.ActiveCfg = Debug|Any CPU
		{6C4E086C-3E99-422B-B609-9F7074CDB732}.Debug|Any CPU.Build.0 = Debug|Any CPU
		{6C4E086C-3E99-422B-B609-9F7074CDB732}.Release|Any CPU.ActiveCfg = Release|Any CPU
		{6C4E086C-3E99-422B-B609-9F7074CDB732}.Release|Any CPU.Build.0 = Release|Any CPU
		{9E443031-144F-4CE2-8730-AE6AE581B131}.Debug|Any CPU.ActiveCfg = Debug|Any CPU
		{9E443031-144F-4CE2-8730-AE6AE581B131}.Debug|Any CPU.Build.0 = Debug|Any CPU
		{9E443031-144F-4CE2-8730-AE6AE581B131}.Release|Any CPU.ActiveCfg = Release|Any CPU
		{9E443031-144F-4CE2-8730-AE6AE581B131}.Release|Any CPU.Build.0 = Release|Any CPU
		{025A127F-5D44-4EF4-A826-B0CBF9392674}.Debug|Any CPU.ActiveCfg = Debug|Any CPU
		{025A127F-5D44-4EF4-A826-B0CBF9392674}.Debug|Any CPU.Build.0 = Debug|Any CPU
		{025A127F-5D44-4EF4-A826-B0CBF9392674}.Release|Any CPU.ActiveCfg = Release|Any CPU
		{025A127F-5D44-4EF4-A826-B0CBF9392674}.Release|Any CPU.Build.0 = Release|Any CPU
		{A49F1980-269E-4287-A3FE-F59C6351186A}.Debug|Any CPU.ActiveCfg = Debug|Any CPU
		{A49F1980-269E-4287-A3FE-F59C6351186A}.Debug|Any CPU.Build.0 = Debug|Any CPU
		{A49F1980-269E-4287-A3FE-F59C6351186A}.Release|Any CPU.ActiveCfg = Release|Any CPU
		{A49F1980-269E-4287-A3FE-F59C6351186A}.Release|Any CPU.Build.0 = Release|Any CPU
	EndGlobalSection
	GlobalSection(SolutionProperties) = preSolution
		HideSolutionNode = FALSE
	EndGlobalSection
	GlobalSection(ExtensibilityGlobals) = postSolution
		SolutionGuid = {8A719554-F7F1-43B1-BD46-A0F3EFF63816}
	EndGlobalSection
EndGlobal
